
Microsoft Visual Studio Solution File, Format Version 12.00
# Visual Studio Version 17
VisualStudioVersion = 17.14.36119.2 d17.14
MinimumVisualStudioVersion = 10.0.40219.1
Project("{FAE04EC0-301F-11D3-BF4B-00C04F79EFBC}") = "librun", "librun.csproj", "{9DF90389-0CEC-45F1-8B5C-75312453138A}"
EndProject
Global
	GlobalSection(SolutionConfigurationPlatforms) = preSolution
		Debug|Any CPU = Debug|Any CPU
		Release|Any CPU = Release|Any CPU
	EndGlobalSection
	GlobalSection(ProjectConfigurationPlatforms) = postSolution
		{9DF90389-0CEC-45F1-8B5C-75312453138A}.Debug|Any CPU.ActiveCfg = Debug|Any CPU
		{9DF90389-0CEC-45F1-8B5C-75312453138A}.Debug|Any CPU.Build.0 = Debug|Any CPU
		{9DF90389-0CEC-45F1-8B5C-75312453138A}.Release|Any CPU.ActiveCfg = Release|Any CPU
		{9DF90389-0CEC-45F1-8B5C-75312453138A}.Release|Any CPU.Build.0 = Release|Any CPU
	EndGlobalSection
	GlobalSection(SolutionProperties) = preSolution
		HideSolutionNode = FALSE
	EndGlobalSection
	GlobalSection(ExtensibilityGlobals) = postSolution
		SolutionGuid = {8758453C-4BE5-4A92-8BD3-A3C88BF6FD3E}
	EndGlobalSection
EndGlobal
